// !$*UTF8*$!
{
	archiveVersion = 1;
	classes = {
	};
	objectVersion = 46;
	objects = {

/* Begin PBXBuildFile section */
		7BDD99461DE3D87D0061A55F /* AppDelegate.swift in Sources */ = {isa = PBXBuildFile; fileRef = 7BDD99451DE3D87D0061A55F /* AppDelegate.swift */; };
		7BDD99481DE3D87D0061A55F /* ViewController.swift in Sources */ = {isa = PBXBuildFile; fileRef = 7BDD99471DE3D87D0061A55F /* ViewController.swift */; };
		7BDD994B1DE3D87D0061A55F /* Main.storyboard in Resources */ = {isa = PBXBuildFile; fileRef = 7BDD99491DE3D87D0061A55F /* Main.storyboard */; };
		7BDD994D1DE3D87D0061A55F /* Assets.xcassets in Resources */ = {isa = PBXBuildFile; fileRef = 7BDD994C1DE3D87D0061A55F /* Assets.xcassets */; };
		7BDD99501DE3D87D0061A55F /* LaunchScreen.storyboard in Resources */ = {isa = PBXBuildFile; fileRef = 7BDD994E1DE3D87D0061A55F /* LaunchScreen.storyboard */; };
		7BDD995B1DE3D87D0061A55F /* testREPOTests.swift in Sources */ = {isa = PBXBuildFile; fileRef = 7BDD995A1DE3D87D0061A55F /* testREPOTests.swift */; };
		7BDD99661DE3D87D0061A55F /* testREPOUITests.swift in Sources */ = {isa = PBXBuildFile; fileRef = 7BDD99651DE3D87D0061A55F /* testREPOUITests.swift */; };
/* End PBXBuildFile section */

/* Begin PBXContainerItemProxy section */
		7BDD99571DE3D87D0061A55F /* PBXContainerItemProxy */ = {
			isa = PBXContainerItemProxy;
			containerPortal = 7BDD993A1DE3D87D0061A55F /* Project object */;
			proxyType = 1;
			remoteGlobalIDString = 7BDD99411DE3D87D0061A55F;
			remoteInfo = testREPO;
		};
		7BDD99621DE3D87D0061A55F /* PBXContainerItemProxy */ = {
			isa = PBXContainerItemProxy;
			containerPortal = 7BDD993A1DE3D87D0061A55F /* Project object */;
			proxyType = 1;
			remoteGlobalIDString = 7BDD99411DE3D87D0061A55F;
			remoteInfo = testREPO;
		};
/* End PBXContainerItemProxy section */

/* Begin PBXFileReference section */
		7BDD99421DE3D87D0061A55F /* testREPO.app */ = {isa = PBXFileReference; explicitFileType = wrapper.application; includeInIndex = 0; path = testREPO.app; sourceTree = BUILT_PRODUCTS_DIR; };
		7BDD99451DE3D87D0061A55F /* AppDelegate.swift */ = {isa = PBXFileReference; lastKnownFileType = sourcecode.swift; path = AppDelegate.swift; sourceTree = "<group>"; };
		7BDD99471DE3D87D0061A55F /* ViewController.swift */ = {isa = PBXFileReference; lastKnownFileType = sourcecode.swift; path = ViewController.swift; sourceTree = "<group>"; };
		7BDD994A1DE3D87D0061A55F /* Base */ = {isa = PBXFileReference; lastKnownFileType = file.storyboard; name = Base; path = Base.lproj/Main.storyboard; sourceTree = "<group>"; };
		7BDD994C1DE3D87D0061A55F /* Assets.xcassets */ = {isa = PBXFileReference; lastKnownFileType = folder.assetcatalog; path = Assets.xcassets; sourceTree = "<group>"; };
		7BDD994F1DE3D87D0061A55F /* Base */ = {isa = PBXFileReference; lastKnownFileType = file.storyboard; name = Base; path = Base.lproj/LaunchScreen.storyboard; sourceTree = "<group>"; };
		7BDD99511DE3D87D0061A55F /* Info.plist */ = {isa = PBXFileReference; lastKnownFileType = text.plist.xml; path = Info.plist; sourceTree = "<group>"; };
		7BDD99561DE3D87D0061A55F /* testREPOTests.xctest */ = {isa = PBXFileReference; explicitFileType = wrapper.cfbundle; includeInIndex = 0; path = testREPOTests.xctest; sourceTree = BUILT_PRODUCTS_DIR; };
		7BDD995A1DE3D87D0061A55F /* testREPOTests.swift */ = {isa = PBXFileReference; lastKnownFileType = sourcecode.swift; path = testREPOTests.swift; sourceTree = "<group>"; };
		7BDD995C1DE3D87D0061A55F /* Info.plist */ = {isa = PBXFileReference; lastKnownFileType = text.plist.xml; path = Info.plist; sourceTree = "<group>"; };
		7BDD99611DE3D87D0061A55F /* testREPOUITests.xctest */ = {isa = PBXFileReference; explicitFileType = wrapper.cfbundle; includeInIndex = 0; path = testREPOUITests.xctest; sourceTree = BUILT_PRODUCTS_DIR; };
		7BDD99651DE3D87D0061A55F /* testREPOUITests.swift */ = {isa = PBXFileReference; lastKnownFileType = sourcecode.swift; path = testREPOUITests.swift; sourceTree = "<group>"; };
		7BDD99671DE3D87D0061A55F /* Info.plist */ = {isa = PBXFileReference; lastKnownFileType = text.plist.xml; path = Info.plist; sourceTree = "<group>"; };
/* End PBXFileReference section */

/* Begin PBXFrameworksBuildPhase section */
		7BDD993F1DE3D87D0061A55F /* Frameworks */ = {
			isa = PBXFrameworksBuildPhase;
			buildActionMask = 2147483647;
			files = (
			);
			runOnlyForDeploymentPostprocessing = 0;
		};
		7BDD99531DE3D87D0061A55F /* Frameworks */ = {
			isa = PBXFrameworksBuildPhase;
			buildActionMask = 2147483647;
			files = (
			);
			runOnlyForDeploymentPostprocessing = 0;
		};
		7BDD995E1DE3D87D0061A55F /* Frameworks */ = {
			isa = PBXFrameworksBuildPhase;
			buildActionMask = 2147483647;
			files = (
			);
			runOnlyForDeploymentPostprocessing = 0;
		};
/* End PBXFrameworksBuildPhase section */

/* Begin PBXGroup section */
		7BDD99391DE3D87D0061A55F = {
			isa = PBXGroup;
			children = (
				7BDD99441DE3D87D0061A55F /* testREPO */,
				7BDD99591DE3D87D0061A55F /* testREPOTests */,
				7BDD99641DE3D87D0061A55F /* testREPOUITests */,
				7BDD99431DE3D87D0061A55F /* Products */,
			);
			sourceTree = "<group>";
		};
		7BDD99431DE3D87D0061A55F /* Products */ = {
			isa = PBXGroup;
			children = (
				7BDD99421DE3D87D0061A55F /* testREPO.app */,
				7BDD99561DE3D87D0061A55F /* testREPOTests.xctest */,
				7BDD99611DE3D87D0061A55F /* testREPOUITests.xctest */,
			);
			name = Products;
			sourceTree = "<group>";
		};
		7BDD99441DE3D87D0061A55F /* testREPO */ = {
			isa = PBXGroup;
			children = (
				7BDD99451DE3D87D0061A55F /* AppDelegate.swift */,
				7BDD99471DE3D87D0061A55F /* ViewController.swift */,
				7BDD99491DE3D87D0061A55F /* Main.storyboard */,
				7BDD994C1DE3D87D0061A55F /* Assets.xcassets */,
				7BDD994E1DE3D87D0061A55F /* LaunchScreen.storyboard */,
				7BDD99511DE3D87D0061A55F /* Info.plist */,
			);
			path = testREPO;
			sourceTree = "<group>";
		};
		7BDD99591DE3D87D0061A55F /* testREPOTests */ = {
			isa = PBXGroup;
			children = (
				7BDD995A1DE3D87D0061A55F /* testREPOTests.swift */,
				7BDD995C1DE3D87D0061A55F /* Info.plist */,
			);
			path = testREPOTests;
			sourceTree = "<group>";
		};
		7BDD99641DE3D87D0061A55F /* testREPOUITests */ = {
			isa = PBXGroup;
			children = (
				7BDD99651DE3D87D0061A55F /* testREPOUITests.swift */,
				7BDD99671DE3D87D0061A55F /* Info.plist */,
			);
			path = testREPOUITests;
			sourceTree = "<group>";
		};
/* End PBXGroup section */

/* Begin PBXNativeTarget section */
		7BDD99411DE3D87D0061A55F /* testREPO */ = {
			isa = PBXNativeTarget;
			buildConfigurationList = 7BDD996A1DE3D87E0061A55F /* Build configuration list for PBXNativeTarget "testREPO" */;
			buildPhases = (
				7BDD993E1DE3D87D0061A55F /* Sources */,
				7BDD993F1DE3D87D0061A55F /* Frameworks */,
				7BDD99401DE3D87D0061A55F /* Resources */,
			);
			buildRules = (
			);
			dependencies = (
			);
			name = testREPO;
			productName = testREPO;
			productReference = 7BDD99421DE3D87D0061A55F /* testREPO.app */;
			productType = "com.apple.product-type.application";
		};
		7BDD99551DE3D87D0061A55F /* testREPOTests */ = {
			isa = PBXNativeTarget;
			buildConfigurationList = 7BDD996D1DE3D87E0061A55F /* Build configuration list for PBXNativeTarget "testREPOTests" */;
			buildPhases = (
				7BDD99521DE3D87D0061A55F /* Sources */,
				7BDD99531DE3D87D0061A55F /* Frameworks */,
				7BDD99541DE3D87D0061A55F /* Resources */,
			);
			buildRules = (
			);
			dependencies = (
				7BDD99581DE3D87D0061A55F /* PBXTargetDependency */,
			);
			name = testREPOTests;
			productName = testREPOTests;
			productReference = 7BDD99561DE3D87D0061A55F /* testREPOTests.xctest */;
			productType = "com.apple.product-type.bundle.unit-test";
		};
		7BDD99601DE3D87D0061A55F /* testREPOUITests */ = {
			isa = PBXNativeTarget;
			buildConfigurationList = 7BDD99701DE3D87E0061A55F /* Build configuration list for PBXNativeTarget "testREPOUITests" */;
			buildPhases = (
				7BDD995D1DE3D87D0061A55F /* Sources */,
				7BDD995E1DE3D87D0061A55F /* Frameworks */,
				7BDD995F1DE3D87D0061A55F /* Resources */,
			);
			buildRules = (
			);
			dependencies = (
				7BDD99631DE3D87D0061A55F /* PBXTargetDependency */,
			);
			name = testREPOUITests;
			productName = testREPOUITests;
			productReference = 7BDD99611DE3D87D0061A55F /* testREPOUITests.xctest */;
			productType = "com.apple.product-type.bundle.ui-testing";
		};
/* End PBXNativeTarget section */

/* Begin PBXProject section */
		7BDD993A1DE3D87D0061A55F /* Project object */ = {
			isa = PBXProject;
			attributes = {
				LastSwiftUpdateCheck = 0820;
				LastUpgradeCheck = 0820;
				ORGANIZATIONNAME = "Jason Holman";
				TargetAttributes = {
					7BDD99411DE3D87D0061A55F = {
						CreatedOnToolsVersion = 8.2;
						ProvisioningStyle = Automatic;
					};
					7BDD99551DE3D87D0061A55F = {
						CreatedOnToolsVersion = 8.2;
						ProvisioningStyle = Automatic;
						TestTargetID = 7BDD99411DE3D87D0061A55F;
					};
					7BDD99601DE3D87D0061A55F = {
						CreatedOnToolsVersion = 8.2;
						ProvisioningStyle = Automatic;
						TestTargetID = 7BDD99411DE3D87D0061A55F;
					};
				};
			};
			buildConfigurationList = 7BDD993D1DE3D87D0061A55F /* Build configuration list for PBXProject "testREPO" */;
			compatibilityVersion = "Xcode 3.2";
			developmentRegion = English;
			hasScannedForEncodings = 0;
			knownRegions = (
				en,
				Base,
			);
			mainGroup = 7BDD99391DE3D87D0061A55F;
			productRefGroup = 7BDD99431DE3D87D0061A55F /* Products */;
			projectDirPath = "";
			projectRoot = "";
			targets = (
				7BDD99411DE3D87D0061A55F /* testREPO */,
				7BDD99551DE3D87D0061A55F /* testREPOTests */,
				7BDD99601DE3D87D0061A55F /* testREPOUITests */,
			);
		};
/* End PBXProject section */

/* Begin PBXResourcesBuildPhase section */
		7BDD99401DE3D87D0061A55F /* Resources */ = {
			isa = PBXResourcesBuildPhase;
			buildActionMask = 2147483647;
			files = (
				7BDD99501DE3D87D0061A55F /* LaunchScreen.storyboard in Resources */,
				7BDD994D1DE3D87D0061A55F /* Assets.xcassets in Resources */,
				7BDD994B1DE3D87D0061A55F /* Main.storyboard in Resources */,
			);
			runOnlyForDeploymentPostprocessing = 0;
		};
		7BDD99541DE3D87D0061A55F /* Resources */ = {
			isa = PBXResourcesBuildPhase;
			buildActionMask = 2147483647;
			files = (
			);
			runOnlyForDeploymentPostprocessing = 0;
		};
		7BDD995F1DE3D87D0061A55F /* Resources */ = {
			isa = PBXResourcesBuildPhase;
			buildActionMask = 2147483647;
			files = (
			);
			runOnlyForDeploymentPostprocessing = 0;
		};
/* End PBXResourcesBuildPhase section */

/* Begin PBXSourcesBuildPhase section */
		7BDD993E1DE3D87D0061A55F /* Sources */ = {
			isa = PBXSourcesBuildPhase;
			buildActionMask = 2147483647;
			files = (
				7BDD99481DE3D87D0061A55F /* ViewController.swift in Sources */,
				7BDD99461DE3D87D0061A55F /* AppDelegate.swift in Sources */,
			);
			runOnlyForDeploymentPostprocessing = 0;
		};
		7BDD99521DE3D87D0061A55F /* Sources */ = {
			isa = PBXSourcesBuildPhase;
			buildActionMask = 2147483647;
			files = (
				7BDD995B1DE3D87D0061A55F /* testREPOTests.swift in Sources */,
			);
			runOnlyForDeploymentPostprocessing = 0;
		};
		7BDD995D1DE3D87D0061A55F /* Sources */ = {
			isa = PBXSourcesBuildPhase;
			buildActionMask = 2147483647;
			files = (
				7BDD99661DE3D87D0061A55F /* testREPOUITests.swift in Sources */,
			);
			runOnlyForDeploymentPostprocessing = 0;
		};
/* End PBXSourcesBuildPhase section */

/* Begin PBXTargetDependency section */
		7BDD99581DE3D87D0061A55F /* PBXTargetDependency */ = {
			isa = PBXTargetDependency;
			target = 7BDD99411DE3D87D0061A55F /* testREPO */;
			targetProxy = 7BDD99571DE3D87D0061A55F /* PBXContainerItemProxy */;
		};
		7BDD99631DE3D87D0061A55F /* PBXTargetDependency */ = {
			isa = PBXTargetDependency;
			target = 7BDD99411DE3D87D0061A55F /* testREPO */;
			targetProxy = 7BDD99621DE3D87D0061A55F /* PBXContainerItemProxy */;
		};
/* End PBXTargetDependency section */

/* Begin PBXVariantGroup section */
		7BDD99491DE3D87D0061A55F /* Main.storyboard */ = {
			isa = PBXVariantGroup;
			children = (
				7BDD994A1DE3D87D0061A55F /* Base */,
			);
			name = Main.storyboard;
			sourceTree = "<group>";
		};
		7BDD994E1DE3D87D0061A55F /* LaunchScreen.storyboard */ = {
			isa = PBXVariantGroup;
			children = (
				7BDD994F1DE3D87D0061A55F /* Base */,
			);
			name = LaunchScreen.storyboard;
			sourceTree = "<group>";
		};
/* End PBXVariantGroup section */

/* Begin XCBuildConfiguration section */
		7BDD99681DE3D87E0061A55F /* Debug */ = {
			isa = XCBuildConfiguration;
			buildSettings = {
				ALWAYS_SEARCH_USER_PATHS = NO;
				CLANG_ANALYZER_NONNULL = YES;
				CLANG_CXX_LANGUAGE_STANDARD = "gnu++0x";
				CLANG_CXX_LIBRARY = "libc++";
				CLANG_ENABLE_MODULES = YES;
				CLANG_ENABLE_OBJC_ARC = YES;
				CLANG_WARN_BOOL_CONVERSION = YES;
				CLANG_WARN_CONSTANT_CONVERSION = YES;
				CLANG_WARN_DIRECT_OBJC_ISA_USAGE = YES_ERROR;
				CLANG_WARN_DOCUMENTATION_COMMENTS = YES;
				CLANG_WARN_EMPTY_BODY = YES;
				CLANG_WARN_ENUM_CONVERSION = YES;
				CLANG_WARN_INFINITE_RECURSION = YES;
				CLANG_WARN_INT_CONVERSION = YES;
				CLANG_WARN_OBJC_ROOT_CLASS = YES_ERROR;
				CLANG_WARN_SUSPICIOUS_MOVE = YES;
				CLANG_WARN_UNREACHABLE_CODE = YES;
				CLANG_WARN__DUPLICATE_METHOD_MATCH = YES;
				"CODE_SIGN_IDENTITY[sdk=iphoneos*]" = "iPhone Developer";
				COPY_PHASE_STRIP = NO;
				DEBUG_INFORMATION_FORMAT = dwarf;
				ENABLE_STRICT_OBJC_MSGSEND = YES;
				ENABLE_TESTABILITY = YES;
				GCC_C_LANGUAGE_STANDARD = gnu99;
				GCC_DYNAMIC_NO_PIC = NO;
				GCC_NO_COMMON_BLOCKS = YES;
				GCC_OPTIMIZATION_LEVEL = 0;
				GCC_PREPROCESSOR_DEFINITIONS = (
					"DEBUG=1",
					"$(inherited)",
				);
				GCC_WARN_64_TO_32_BIT_CONVERSION = YES;
				GCC_WARN_ABOUT_RETURN_TYPE = YES_ERROR;
				GCC_WARN_UNDECLARED_SELECTOR = YES;
				GCC_WARN_UNINITIALIZED_AUTOS = YES_AGGRESSIVE;
				GCC_WARN_UNUSED_FUNCTION = YES;
				GCC_WARN_UNUSED_VARIABLE = YES;
				IPHONEOS_DEPLOYMENT_TARGET = 10.2;
				MTL_ENABLE_DEBUG_INFO = YES;
				ONLY_ACTIVE_ARCH = YES;
				SDKROOT = iphoneos;
				SWIFT_ACTIVE_COMPILATION_CONDITIONS = DEBUG;
				SWIFT_OPTIMIZATION_LEVEL = "-Onone";
				TARGETED_DEVICE_FAMILY = "1,2";
			};
			name = Debug;
		};
		7BDD99691DE3D87E0061A55F /* Release */ = {
			isa = XCBuildConfiguration;
			buildSettings = {
				ALWAYS_SEARCH_USER_PATHS = NO;
				CLANG_ANALYZER_NONNULL = YES;
				CLANG_CXX_LANGUAGE_STANDARD = "gnu++0x";
				CLANG_CXX_LIBRARY = "libc++";
				CLANG_ENABLE_MODULES = YES;
				CLANG_ENABLE_OBJC_ARC = YES;
				CLANG_WARN_BOOL_CONVERSION = YES;
				CLANG_WARN_CONSTANT_CONVERSION = YES;
				CLANG_WARN_DIRECT_OBJC_ISA_USAGE = YES_ERROR;
				CLANG_WARN_DOCUMENTATION_COMMENTS = YES;
				CLANG_WARN_EMPTY_BODY = YES;
				CLANG_WARN_ENUM_CONVERSION = YES;
				CLANG_WARN_INFINITE_RECURSION = YES;
				CLANG_WARN_INT_CONVERSION = YES;
				CLANG_WARN_OBJC_ROOT_CLASS = YES_ERROR;
				CLANG_WARN_SUSPICIOUS_MOVE = YES;
				CLANG_WARN_UNREACHABLE_CODE = YES;
				CLANG_WARN__DUPLICATE_METHOD_MATCH = YES;
				"CODE_SIGN_IDENTITY[sdk=iphoneos*]" = "iPhone Developer";
				COPY_PHASE_STRIP = NO;
				DEBUG_INFORMATION_FORMAT = "dwarf-with-dsym";
				ENABLE_NS_ASSERTIONS = NO;
				ENABLE_STRICT_OBJC_MSGSEND = YES;
				GCC_C_LANGUAGE_STANDARD = gnu99;
				GCC_NO_COMMON_BLOCKS = YES;
				GCC_WARN_64_TO_32_BIT_CONVERSION = YES;
				GCC_WARN_ABOUT_RETURN_TYPE = YES_ERROR;
				GCC_WARN_UNDECLARED_SELECTOR = YES;
				GCC_WARN_UNINITIALIZED_AUTOS = YES_AGGRESSIVE;
				GCC_WARN_UNUSED_FUNCTION = YES;
				GCC_WARN_UNUSED_VARIABLE = YES;
				IPHONEOS_DEPLOYMENT_TARGET = 10.2;
				MTL_ENABLE_DEBUG_INFO = NO;
				SDKROOT = iphoneos;
				SWIFT_OPTIMIZATION_LEVEL = "-Owholemodule";
				TARGETED_DEVICE_FAMILY = "1,2";
				VALIDATE_PRODUCT = YES;
			};
			name = Release;
		};
		7BDD996B1DE3D87E0061A55F /* Debug */ = {
			isa = XCBuildConfiguration;
			buildSettings = {
				ASSETCATALOG_COMPILER_APPICON_NAME = AppIcon;
				INFOPLIST_FILE = testREPO/Info.plist;
				LD_RUNPATH_SEARCH_PATHS = "$(inherited) @executable_path/Frameworks";
				PRODUCT_BUNDLE_IDENTIFIER = "-.testREPO";
				PRODUCT_NAME = "$(TARGET_NAME)";
				SWIFT_VERSION = 3.0;
			};
			name = Debug;
		};
		7BDD996C1DE3D87E0061A55F /* Release */ = {
			isa = XCBuildConfiguration;
			buildSettings = {
				ASSETCATALOG_COMPILER_APPICON_NAME = AppIcon;
				INFOPLIST_FILE = testREPO/Info.plist;
				LD_RUNPATH_SEARCH_PATHS = "$(inherited) @executable_path/Frameworks";
				PRODUCT_BUNDLE_IDENTIFIER = "-.testREPO";
				PRODUCT_NAME = "$(TARGET_NAME)";
				SWIFT_VERSION = 3.0;
			};
			name = Release;
		};
		7BDD996E1DE3D87E0061A55F /* Debug */ = {
			isa = XCBuildConfiguration;
			buildSettings = {
				ALWAYS_EMBED_SWIFT_STANDARD_LIBRARIES = YES;
				BUNDLE_LOADER = "$(TEST_HOST)";
				INFOPLIST_FILE = testREPOTests/Info.plist;
				LD_RUNPATH_SEARCH_PATHS = "$(inherited) @executable_path/Frameworks @loader_path/Frameworks";
				PRODUCT_BUNDLE_IDENTIFIER = "-.testREPOTests";
				PRODUCT_NAME = "$(TARGET_NAME)";
				SWIFT_VERSION = 3.0;
				TEST_HOST = "$(BUILT_PRODUCTS_DIR)/testREPO.app/testREPO";
			};
			name = Debug;
		};
		7BDD996F1DE3D87E0061A55F /* Release */ = {
			isa = XCBuildConfiguration;
			buildSettings = {
				ALWAYS_EMBED_SWIFT_STANDARD_LIBRARIES = YES;
				BUNDLE_LOADER = "$(TEST_HOST)";
				INFOPLIST_FILE = testREPOTests/Info.plist;
				LD_RUNPATH_SEARCH_PATHS = "$(inherited) @executable_path/Frameworks @loader_path/Frameworks";
				PRODUCT_BUNDLE_IDENTIFIER = "-.testREPOTests";
				PRODUCT_NAME = "$(TARGET_NAME)";
				SWIFT_VERSION = 3.0;
				TEST_HOST = "$(BUILT_PRODUCTS_DIR)/testREPO.app/testREPO";
			};
			name = Release;
		};
		7BDD99711DE3D87E0061A55F /* Debug */ = {
			isa = XCBuildConfiguration;
			buildSettings = {
				ALWAYS_EMBED_SWIFT_STANDARD_LIBRARIES = YES;
				INFOPLIST_FILE = testREPOUITests/Info.plist;
				LD_RUNPATH_SEARCH_PATHS = "$(inherited) @executable_path/Frameworks @loader_path/Frameworks";
				PRODUCT_BUNDLE_IDENTIFIER = "-.testREPOUITests";
				PRODUCT_NAME = "$(TARGET_NAME)";
				SWIFT_VERSION = 3.0;
				TEST_TARGET_NAME = testREPO;
			};
			name = Debug;
		};
		7BDD99721DE3D87E0061A55F /* Release */ = {
			isa = XCBuildConfiguration;
			buildSettings = {
				ALWAYS_EMBED_SWIFT_STANDARD_LIBRARIES = YES;
				INFOPLIST_FILE = testREPOUITests/Info.plist;
				LD_RUNPATH_SEARCH_PATHS = "$(inherited) @executable_path/Frameworks @loader_path/Frameworks";
				PRODUCT_BUNDLE_IDENTIFIER = "-.testREPOUITests";
				PRODUCT_NAME = "$(TARGET_NAME)";
				SWIFT_VERSION = 3.0;
				TEST_TARGET_NAME = testREPO;
			};
			name = Release;
		};
/* End XCBuildConfiguration section */

/* Begin XCConfigurationList section */
		7BDD993D1DE3D87D0061A55F /* Build configuration list for PBXProject "testREPO" */ = {
			isa = XCConfigurationList;
			buildConfigurations = (
				7BDD99681DE3D87E0061A55F /* Debug */,
				7BDD99691DE3D87E0061A55F /* Release */,
			);
			defaultConfigurationIsVisible = 0;
			defaultConfigurationName = Release;
		};
		7BDD996A1DE3D87E0061A55F /* Build configuration list for PBXNativeTarget "testREPO" */ = {
			isa = XCConfigurationList;
			buildConfigurations = (
				7BDD996B1DE3D87E0061A55F /* Debug */,
				7BDD996C1DE3D87E0061A55F /* Release */,
			);
			defaultConfigurationIsVisible = 0;
		};
		7BDD996D1DE3D87E0061A55F /* Build configuration list for PBXNativeTarget "testREPOTests" */ = {
			isa = XCConfigurationList;
			buildConfigurations = (
				7BDD996E1DE3D87E0061A55F /* Debug */,
				7BDD996F1DE3D87E0061A55F /* Release */,
			);
			defaultConfigurationIsVisible = 0;
		};
		7BDD99701DE3D87E0061A55F /* Build configuration list for PBXNativeTarget "testREPOUITests" */ = {
			isa = XCConfigurationList;
			buildConfigurations = (
				7BDD99711DE3D87E0061A55F /* Debug */,
				7BDD99721DE3D87E0061A55F /* Release */,
			);
			defaultConfigurationIsVisible = 0;
		};
/* End XCConfigurationList section */
	};
	rootObject = 7BDD993A1DE3D87D0061A55F /* Project object */;
}
